// !$*UTF8*$!
{
	archiveVersion = 1;
	classes = {
	};
	objectVersion = 56;
	objects = {

/* Begin PBXBuildFile section */
		1F9E10A82B9480890055CC5E /* AppDelegate.swift in Sources */ = {isa = PBXBuildFile; fileRef = 1F9E10A72B9480890055CC5E /* AppDelegate.swift */; };
		1F9E10B12B94808C0055CC5E /* Assets.xcassets in Resources */ = {isa = PBXBuildFile; fileRef = 1F9E10B02B94808C0055CC5E /* Assets.xcassets */; };
		1F9E10B42B94808C0055CC5E /* LaunchScreen.storyboard in Resources */ = {isa = PBXBuildFile; fileRef = 1F9E10B22B94808C0055CC5E /* LaunchScreen.storyboard */; };
		1F9E10C52B94C64F0055CC5E /* TabBarAllViewController.swift in Sources */ = {isa = PBXBuildFile; fileRef = 1F9E10C42B94C64F0055CC5E /* TabBarAllViewController.swift */; };
		1F9E10C72B94C6CF0055CC5E /* FirstVC.swift in Sources */ = {isa = PBXBuildFile; fileRef = 1F9E10C62B94C6CF0055CC5E /* FirstVC.swift */; };
		1F9E10C92B94C7780055CC5E /* SecondVC.swift in Sources */ = {isa = PBXBuildFile; fileRef = 1F9E10C82B94C7780055CC5E /* SecondVC.swift */; };
		1F9E10D12B94DDA60055CC5E /* NavigationVC.swift in Sources */ = {isa = PBXBuildFile; fileRef = 1F9E10D02B94DDA60055CC5E /* NavigationVC.swift */; };
		1F9E10D62B94E32D0055CC5E /* FirstVCGO.swift in Sources */ = {isa = PBXBuildFile; fileRef = 1F9E10D52B94E32D0055CC5E /* FirstVCGO.swift */; };
		1F9E10D82B94E86B0055CC5E /* FirstVCGOThird.swift in Sources */ = {isa = PBXBuildFile; fileRef = 1F9E10D72B94E86B0055CC5E /* FirstVCGOThird.swift */; };
		1F9E10DA2B94EAEF0055CC5E /* SecondVCGO.swift in Sources */ = {isa = PBXBuildFile; fileRef = 1F9E10D92B94EAEF0055CC5E /* SecondVCGO.swift */; };
/* End PBXBuildFile section */

/* Begin PBXFileReference section */
		1F9E10A42B9480890055CC5E /* lesson11(HWCode).app */ = {isa = PBXFileReference; explicitFileType = wrapper.application; includeInIndex = 0; path = "lesson11(HWCode).app"; sourceTree = BUILT_PRODUCTS_DIR; };
		1F9E10A72B9480890055CC5E /* AppDelegate.swift */ = {isa = PBXFileReference; lastKnownFileType = sourcecode.swift; path = AppDelegate.swift; sourceTree = "<group>"; };
		1F9E10B02B94808C0055CC5E /* Assets.xcassets */ = {isa = PBXFileReference; lastKnownFileType = folder.assetcatalog; path = Assets.xcassets; sourceTree = "<group>"; };
		1F9E10B32B94808C0055CC5E /* Base */ = {isa = PBXFileReference; lastKnownFileType = file.storyboard; name = Base; path = Base.lproj/LaunchScreen.storyboard; sourceTree = "<group>"; };
		1F9E10B52B94808C0055CC5E /* Info.plist */ = {isa = PBXFileReference; lastKnownFileType = text.plist.xml; path = Info.plist; sourceTree = "<group>"; };
		1F9E10C42B94C64F0055CC5E /* TabBarAllViewController.swift */ = {isa = PBXFileReference; lastKnownFileType = sourcecode.swift; path = TabBarAllViewController.swift; sourceTree = "<group>"; };
		1F9E10C62B94C6CF0055CC5E /* FirstVC.swift */ = {isa = PBXFileReference; lastKnownFileType = sourcecode.swift; path = FirstVC.swift; sourceTree = "<group>"; };
		1F9E10C82B94C7780055CC5E /* SecondVC.swift */ = {isa = PBXFileReference; lastKnownFileType = sourcecode.swift; path = SecondVC.swift; sourceTree = "<group>"; };
		1F9E10D02B94DDA60055CC5E /* NavigationVC.swift */ = {isa = PBXFileReference; lastKnownFileType = sourcecode.swift; path = NavigationVC.swift; sourceTree = "<group>"; };
		1F9E10D52B94E32D0055CC5E /* FirstVCGO.swift */ = {isa = PBXFileReference; lastKnownFileType = sourcecode.swift; path = FirstVCGO.swift; sourceTree = "<group>"; };
		1F9E10D72B94E86B0055CC5E /* FirstVCGOThird.swift */ = {isa = PBXFileReference; lastKnownFileType = sourcecode.swift; path = FirstVCGOThird.swift; sourceTree = "<group>"; };
		1F9E10D92B94EAEF0055CC5E /* SecondVCGO.swift */ = {isa = PBXFileReference; lastKnownFileType = sourcecode.swift; path = SecondVCGO.swift; sourceTree = "<group>"; };
/* End PBXFileReference section */

/* Begin PBXFrameworksBuildPhase section */
		1F9E10A12B9480890055CC5E /* Frameworks */ = {
			isa = PBXFrameworksBuildPhase;
			buildActionMask = 2147483647;
			files = (
			);
			runOnlyForDeploymentPostprocessing = 0;
		};
/* End PBXFrameworksBuildPhase section */

/* Begin PBXGroup section */
		1F9E109B2B9480890055CC5E = {
			isa = PBXGroup;
			children = (
				1F9E10A62B9480890055CC5E /* lesson11(HWCode) */,
				1F9E10A52B9480890055CC5E /* Products */,
			);
			sourceTree = "<group>";
		};
		1F9E10A52B9480890055CC5E /* Products */ = {
			isa = PBXGroup;
			children = (
				1F9E10A42B9480890055CC5E /* lesson11(HWCode).app */,
			);
			name = Products;
			sourceTree = "<group>";
		};
		1F9E10A62B9480890055CC5E /* lesson11(HWCode) */ = {
			isa = PBXGroup;
			children = (
				1F9E10A72B9480890055CC5E /* AppDelegate.swift */,
				1F9E10B02B94808C0055CC5E /* Assets.xcassets */,
				1F9E10B22B94808C0055CC5E /* LaunchScreen.storyboard */,
				1F9E10B52B94808C0055CC5E /* Info.plist */,
				1F9E10CA2B94C7960055CC5E /* TabBarVC */,
				1F9E10D22B94DDAF0055CC5E /* NavigationVC */,
				1F9E10BF2B948B470055CC5E /* VC */,
			);
			path = "lesson11(HWCode)";
			sourceTree = "<group>";
		};
		1F9E10BF2B948B470055CC5E /* VC */ = {
			isa = PBXGroup;
			children = (
				1F9E10C62B94C6CF0055CC5E /* FirstVC.swift */,
				1F9E10D52B94E32D0055CC5E /* FirstVCGO.swift */,
				1F9E10D72B94E86B0055CC5E /* FirstVCGOThird.swift */,
				1F9E10C82B94C7780055CC5E /* SecondVC.swift */,
				1F9E10D92B94EAEF0055CC5E /* SecondVCGO.swift */,
			);
			path = VC;
			sourceTree = "<group>";
		};
		1F9E10CA2B94C7960055CC5E /* TabBarVC */ = {
			isa = PBXGroup;
			children = (
				1F9E10C42B94C64F0055CC5E /* TabBarAllViewController.swift */,
			);
			path = TabBarVC;
			sourceTree = "<group>";
		};
		1F9E10D22B94DDAF0055CC5E /* NavigationVC */ = {
			isa = PBXGroup;
			children = (
				1F9E10D02B94DDA60055CC5E /* NavigationVC.swift */,
			);
			path = NavigationVC;
			sourceTree = "<group>";
		};
/* End PBXGroup section */

/* Begin PBXNativeTarget section */
		1F9E10A32B9480890055CC5E /* lesson11(HWCode) */ = {
			isa = PBXNativeTarget;
			buildConfigurationList = 1F9E10B82B94808C0055CC5E /* Build configuration list for PBXNativeTarget "lesson11(HWCode)" */;
			buildPhases = (
				1F9E10A02B9480890055CC5E /* Sources */,
				1F9E10A12B9480890055CC5E /* Frameworks */,
				1F9E10A22B9480890055CC5E /* Resources */,
			);
			buildRules = (
			);
			dependencies = (
			);
			name = "lesson11(HWCode)";
			productName = "lesson11(HWCode)";
			productReference = 1F9E10A42B9480890055CC5E /* lesson11(HWCode).app */;
			productType = "com.apple.product-type.application";
		};
/* End PBXNativeTarget section */

/* Begin PBXProject section */
		1F9E109C2B9480890055CC5E /* Project object */ = {
			isa = PBXProject;
			attributes = {
				BuildIndependentTargetsInParallel = 1;
				LastSwiftUpdateCheck = 1500;
				LastUpgradeCheck = 1500;
				TargetAttributes = {
					1F9E10A32B9480890055CC5E = {
						CreatedOnToolsVersion = 15.0;
					};
				};
			};
			buildConfigurationList = 1F9E109F2B9480890055CC5E /* Build configuration list for PBXProject "lesson11(HWCode)" */;
			compatibilityVersion = "Xcode 14.0";
			developmentRegion = en;
			hasScannedForEncodings = 0;
			knownRegions = (
				en,
				Base,
			);
			mainGroup = 1F9E109B2B9480890055CC5E;
			productRefGroup = 1F9E10A52B9480890055CC5E /* Products */;
			projectDirPath = "";
			projectRoot = "";
			targets = (
				1F9E10A32B9480890055CC5E /* lesson11(HWCode) */,
			);
		};
/* End PBXProject section */

/* Begin PBXResourcesBuildPhase section */
		1F9E10A22B9480890055CC5E /* Resources */ = {
			isa = PBXResourcesBuildPhase;
			buildActionMask = 2147483647;
			files = (
				1F9E10B42B94808C0055CC5E /* LaunchScreen.storyboard in Resources */,
				1F9E10B12B94808C0055CC5E /* Assets.xcassets in Resources */,
			);
			runOnlyForDeploymentPostprocessing = 0;
		};
/* End PBXResourcesBuildPhase section */

/* Begin PBXSourcesBuildPhase section */
		1F9E10A02B9480890055CC5E /* Sources */ = {
			isa = PBXSourcesBuildPhase;
			buildActionMask = 2147483647;
			files = (
				1F9E10D12B94DDA60055CC5E /* NavigationVC.swift in Sources */,
				1F9E10C52B94C64F0055CC5E /* TabBarAllViewController.swift in Sources */,
				1F9E10C72B94C6CF0055CC5E /* FirstVC.swift in Sources */,
				1F9E10C92B94C7780055CC5E /* SecondVC.swift in Sources */,
				1F9E10D82B94E86B0055CC5E /* FirstVCGOThird.swift in Sources */,
				1F9E10A82B9480890055CC5E /* AppDelegate.swift in Sources */,
				1F9E10DA2B94EAEF0055CC5E /* SecondVCGO.swift in Sources */,
				1F9E10D62B94E32D0055CC5E /* FirstVCGO.swift in Sources */,
			);
			runOnlyForDeploymentPostprocessing = 0;
		};
/* End PBXSourcesBuildPhase section */

/* Begin PBXVariantGroup section */
		1F9E10B22B94808C0055CC5E /* LaunchScreen.storyboard */ = {
			isa = PBXVariantGroup;
			children = (
				1F9E10B32B94808C0055CC5E /* Base */,
			);
			name = LaunchScreen.storyboard;
			sourceTree = "<group>";
		};
/* End PBXVariantGroup section */

/* Begin XCBuildConfiguration section */
		1F9E10B62B94808C0055CC5E /* Debug */ = {
			isa = XCBuildConfiguration;
			buildSettings = {
				ALWAYS_SEARCH_USER_PATHS = NO;
				ASSETCATALOG_COMPILER_GENERATE_SWIFT_ASSET_SYMBOL_EXTENSIONS = YES;
				CLANG_ANALYZER_NONNULL = YES;
				CLANG_ANALYZER_NUMBER_OBJECT_CONVERSION = YES_AGGRESSIVE;
				CLANG_CXX_LANGUAGE_STANDARD = "gnu++20";
				CLANG_ENABLE_MODULES = YES;
				CLANG_ENABLE_OBJC_ARC = YES;
				CLANG_ENABLE_OBJC_WEAK = YES;
				CLANG_WARN_BLOCK_CAPTURE_AUTORELEASING = YES;
				CLANG_WARN_BOOL_CONVERSION = YES;
				CLANG_WARN_COMMA = YES;
				CLANG_WARN_CONSTANT_CONVERSION = YES;
				CLANG_WARN_DEPRECATED_OBJC_IMPLEMENTATIONS = YES;
				CLANG_WARN_DIRECT_OBJC_ISA_USAGE = YES_ERROR;
				CLANG_WARN_DOCUMENTATION_COMMENTS = YES;
				CLANG_WARN_EMPTY_BODY = YES;
				CLANG_WARN_ENUM_CONVERSION = YES;
				CLANG_WARN_INFINITE_RECURSION = YES;
				CLANG_WARN_INT_CONVERSION = YES;
				CLANG_WARN_NON_LITERAL_NULL_CONVERSION = YES;
				CLANG_WARN_OBJC_IMPLICIT_RETAIN_SELF = YES;
				CLANG_WARN_OBJC_LITERAL_CONVERSION = YES;
				CLANG_WARN_OBJC_ROOT_CLASS = YES_ERROR;
				CLANG_WARN_QUOTED_INCLUDE_IN_FRAMEWORK_HEADER = YES;
				CLANG_WARN_RANGE_LOOP_ANALYSIS = YES;
				CLANG_WARN_STRICT_PROTOTYPES = YES;
				CLANG_WARN_SUSPICIOUS_MOVE = YES;
				CLANG_WARN_UNGUARDED_AVAILABILITY = YES_AGGRESSIVE;
				CLANG_WARN_UNREACHABLE_CODE = YES;
				CLANG_WARN__DUPLICATE_METHOD_MATCH = YES;
				COPY_PHASE_STRIP = NO;
				DEBUG_INFORMATION_FORMAT = dwarf;
				ENABLE_STRICT_OBJC_MSGSEND = YES;
				ENABLE_TESTABILITY = YES;
				ENABLE_USER_SCRIPT_SANDBOXING = YES;
				GCC_C_LANGUAGE_STANDARD = gnu17;
				GCC_DYNAMIC_NO_PIC = NO;
				GCC_NO_COMMON_BLOCKS = YES;
				GCC_OPTIMIZATION_LEVEL = 0;
				GCC_PREPROCESSOR_DEFINITIONS = (
					"DEBUG=1",
					"$(inherited)",
				);
				GCC_WARN_64_TO_32_BIT_CONVERSION = YES;
				GCC_WARN_ABOUT_RETURN_TYPE = YES_ERROR;
				GCC_WARN_UNDECLARED_SELECTOR = YES;
				GCC_WARN_UNINITIALIZED_AUTOS = YES_AGGRESSIVE;
				GCC_WARN_UNUSED_FUNCTION = YES;
				GCC_WARN_UNUSED_VARIABLE = YES;
				IPHONEOS_DEPLOYMENT_TARGET = 17.0;
				LOCALIZATION_PREFERS_STRING_CATALOGS = YES;
				MTL_ENABLE_DEBUG_INFO = INCLUDE_SOURCE;
				MTL_FAST_MATH = YES;
				ONLY_ACTIVE_ARCH = YES;
				SDKROOT = iphoneos;
				SWIFT_ACTIVE_COMPILATION_CONDITIONS = "DEBUG $(inherited)";
				SWIFT_OPTIMIZATION_LEVEL = "-Onone";
			};
			name = Debug;
		};
		1F9E10B72B94808C0055CC5E /* Release */ = {
			isa = XCBuildConfiguration;
			buildSettings = {
				ALWAYS_SEARCH_USER_PATHS = NO;
				ASSETCATALOG_COMPILER_GENERATE_SWIFT_ASSET_SYMBOL_EXTENSIONS = YES;
				CLANG_ANALYZER_NONNULL = YES;
				CLANG_ANALYZER_NUMBER_OBJECT_CONVERSION = YES_AGGRESSIVE;
				CLANG_CXX_LANGUAGE_STANDARD = "gnu++20";
				CLANG_ENABLE_MODULES = YES;
				CLANG_ENABLE_OBJC_ARC = YES;
				CLANG_ENABLE_OBJC_WEAK = YES;
				CLANG_WARN_BLOCK_CAPTURE_AUTORELEASING = YES;
				CLANG_WARN_BOOL_CONVERSION = YES;
				CLANG_WARN_COMMA = YES;
				CLANG_WARN_CONSTANT_CONVERSION = YES;
				CLANG_WARN_DEPRECATED_OBJC_IMPLEMENTATIONS = YES;
				CLANG_WARN_DIRECT_OBJC_ISA_USAGE = YES_ERROR;
				CLANG_WARN_DOCUMENTATION_COMMENTS = YES;
				CLANG_WARN_EMPTY_BODY = YES;
				CLANG_WARN_ENUM_CONVERSION = YES;
				CLANG_WARN_INFINITE_RECURSION = YES;
				CLANG_WARN_INT_CONVERSION = YES;
				CLANG_WARN_NON_LITERAL_NULL_CONVERSION = YES;
				CLANG_WARN_OBJC_IMPLICIT_RETAIN_SELF = YES;
				CLANG_WARN_OBJC_LITERAL_CONVERSION = YES;
				CLANG_WARN_OBJC_ROOT_CLASS = YES_ERROR;
				CLANG_WARN_QUOTED_INCLUDE_IN_FRAMEWORK_HEADER = YES;
				CLANG_WARN_RANGE_LOOP_ANALYSIS = YES;
				CLANG_WARN_STRICT_PROTOTYPES = YES;
				CLANG_WARN_SUSPICIOUS_MOVE = YES;
				CLANG_WARN_UNGUARDED_AVAILABILITY = YES_AGGRESSIVE;
				CLANG_WARN_UNREACHABLE_CODE = YES;
				CLANG_WARN__DUPLICATE_METHOD_MATCH = YES;
				COPY_PHASE_STRIP = NO;
				DEBUG_INFORMATION_FORMAT = "dwarf-with-dsym";
				ENABLE_NS_ASSERTIONS = NO;
				ENABLE_STRICT_OBJC_MSGSEND = YES;
				ENABLE_USER_SCRIPT_SANDBOXING = YES;
				GCC_C_LANGUAGE_STANDARD = gnu17;
				GCC_NO_COMMON_BLOCKS = YES;
				GCC_WARN_64_TO_32_BIT_CONVERSION = YES;
				GCC_WARN_ABOUT_RETURN_TYPE = YES_ERROR;
				GCC_WARN_UNDECLARED_SELECTOR = YES;
				GCC_WARN_UNINITIALIZED_AUTOS = YES_AGGRESSIVE;
				GCC_WARN_UNUSED_FUNCTION = YES;
				GCC_WARN_UNUSED_VARIABLE = YES;
				IPHONEOS_DEPLOYMENT_TARGET = 17.0;
				LOCALIZATION_PREFERS_STRING_CATALOGS = YES;
				MTL_ENABLE_DEBUG_INFO = NO;
				MTL_FAST_MATH = YES;
				SDKROOT = iphoneos;
				SWIFT_COMPILATION_MODE = wholemodule;
				VALIDATE_PRODUCT = YES;
			};
			name = Release;
		};
		1F9E10B92B94808C0055CC5E /* Debug */ = {
			isa = XCBuildConfiguration;
			buildSettings = {
				ASSETCATALOG_COMPILER_APPICON_NAME = AppIcon;
				ASSETCATALOG_COMPILER_GLOBAL_ACCENT_COLOR_NAME = AccentColor;
				CODE_SIGN_STYLE = Automatic;
				CURRENT_PROJECT_VERSION = 1;
				GENERATE_INFOPLIST_FILE = YES;
				INFOPLIST_FILE = "lesson11(HWCode)/Info.plist";
				INFOPLIST_KEY_UIApplicationSupportsIndirectInputEvents = YES;
				INFOPLIST_KEY_UILaunchStoryboardName = LaunchScreen;
				INFOPLIST_KEY_UISupportedInterfaceOrientations_iPad = "UIInterfaceOrientationPortrait UIInterfaceOrientationPortraitUpsideDown UIInterfaceOrientationLandscapeLeft UIInterfaceOrientationLandscapeRight";
				INFOPLIST_KEY_UISupportedInterfaceOrientations_iPhone = "UIInterfaceOrientationPortrait UIInterfaceOrientationLandscapeLeft UIInterfaceOrientationLandscapeRight";
				LD_RUNPATH_SEARCH_PATHS = (
					"$(inherited)",
					"@executable_path/Frameworks",
				);
				MARKETING_VERSION = 1.0;
				PRODUCT_BUNDLE_IDENTIFIER = "lesson11-HWCode";
				PRODUCT_NAME = "$(TARGET_NAME)";
				SUPPORTED_PLATFORMS = "iphoneos iphonesimulator";
				SUPPORTS_MACCATALYST = NO;
				SUPPORTS_MAC_DESIGNED_FOR_IPHONE_IPAD = NO;
				SUPPORTS_XR_DESIGNED_FOR_IPHONE_IPAD = NO;
				SWIFT_EMIT_LOC_STRINGS = YES;
				SWIFT_VERSION = 5.0;
				TARGETED_DEVICE_FAMILY = "1,2";
			};
			name = Debug;
		};
		1F9E10BA2B94808C0055CC5E /* Release */ = {
			isa = XCBuildConfiguration;
			buildSettings = {
				ASSETCATALOG_COMPILER_APPICON_NAME = AppIcon;
				ASSETCATALOG_COMPILER_GLOBAL_ACCENT_COLOR_NAME = AccentColor;
				CODE_SIGN_STYLE = Automatic;
				CURRENT_PROJECT_VERSION = 1;
				GENERATE_INFOPLIST_FILE = YES;
				INFOPLIST_FILE = "lesson11(HWCode)/Info.plist";
				INFOPLIST_KEY_UIApplicationSupportsIndirectInputEvents = YES;
				INFOPLIST_KEY_UILaunchStoryboardName = LaunchScreen;
				INFOPLIST_KEY_UISupportedInterfaceOrientations_iPad = "UIInterfaceOrientationPortrait UIInterfaceOrientationPortraitUpsideDown UIInterfaceOrientationLandscapeLeft UIInterfaceOrientationLandscapeRight";
				INFOPLIST_KEY_UISupportedInterfaceOrientations_iPhone = "UIInterfaceOrientationPortrait UIInterfaceOrientationLandscapeLeft UIInterfaceOrientationLandscapeRight";
				LD_RUNPATH_SEARCH_PATHS = (
					"$(inherited)",
					"@executable_path/Frameworks",
				);
				MARKETING_VERSION = 1.0;
				PRODUCT_BUNDLE_IDENTIFIER = "lesson11-HWCode";
				PRODUCT_NAME = "$(TARGET_NAME)";
				SUPPORTED_PLATFORMS = "iphoneos iphonesimulator";
				SUPPORTS_MACCATALYST = NO;
				SUPPORTS_MAC_DESIGNED_FOR_IPHONE_IPAD = NO;
				SUPPORTS_XR_DESIGNED_FOR_IPHONE_IPAD = NO;
				SWIFT_EMIT_LOC_STRINGS = YES;
				SWIFT_VERSION = 5.0;
				TARGETED_DEVICE_FAMILY = "1,2";
			};
			name = Release;
		};
/* End XCBuildConfiguration section */

/* Begin XCConfigurationList section */
		1F9E109F2B9480890055CC5E /* Build configuration list for PBXProject "lesson11(HWCode)" */ = {
			isa = XCConfigurationList;
			buildConfigurations = (
				1F9E10B62B94808C0055CC5E /* Debug */,
				1F9E10B72B94808C0055CC5E /* Release */,
			);
			defaultConfigurationIsVisible = 0;
			defaultConfigurationName = Release;
		};
		1F9E10B82B94808C0055CC5E /* Build configuration list for PBXNativeTarget "lesson11(HWCode)" */ = {
			isa = XCConfigurationList;
			buildConfigurations = (
				1F9E10B92B94808C0055CC5E /* Debug */,
				1F9E10BA2B94808C0055CC5E /* Release */,
			);
			defaultConfigurationIsVisible = 0;
			defaultConfigurationName = Release;
		};
/* End XCConfigurationList section */
	};
	rootObject = 1F9E109C2B9480890055CC5E /* Project object */;
}
